
Microsoft Visual Studio Solution File, Format Version 12.00
# Visual Studio Version 17
VisualStudioVersion = 17.9.34723.18
MinimumVisualStudioVersion = 10.0.40219.1
Project("{FAE04EC0-301F-11D3-BF4B-00C04F79EFBC}") = "salaryCalculation.cs", "salaryCalculation.cs\salaryCalculation.cs.csproj", "{2821BD80-A393-475A-8928-6056A488C22E}"
EndProject
Global
	GlobalSection(SolutionConfigurationPlatforms) = preSolution
		Debug|Any CPU = Debug|Any CPU
		Release|Any CPU = Release|Any CPU
	EndGlobalSection
	GlobalSection(ProjectConfigurationPlatforms) = postSolution
		{2821BD80-A393-475A-8928-6056A488C22E}.Debug|Any CPU.ActiveCfg = Debug|Any CPU
		{2821BD80-A393-475A-8928-6056A488C22E}.Debug|Any CPU.Build.0 = Debug|Any CPU
		{2821BD80-A393-475A-8928-6056A488C22E}.Release|Any CPU.ActiveCfg = Release|Any CPU
		{2821BD80-A393-475A-8928-6056A488C22E}.Release|Any CPU.Build.0 = Release|Any CPU
	EndGlobalSection
	GlobalSection(SolutionProperties) = preSolution
		HideSolutionNode = FALSE
	EndGlobalSection
	GlobalSection(ExtensibilityGlobals) = postSolution
		SolutionGuid = {27A2E017-CEA1-407A-AB19-FCAF584BBA83}
	EndGlobalSection
EndGlobal
